
Microsoft Visual Studio Solution File, Format Version 12.00
# Visual Studio 15
VisualStudioVersion = 15.0.28307.102
MinimumVisualStudioVersion = 10.0.40219.1
Project("{9A19103F-16F7-4668-BE54-9A1E7A4F7556}") = "FluentCryptography.Abstractions", "FluentCryptography.Abstractions\FluentCryptography.Abstractions.csproj", "{B43766FC-D5A7-47F5-9850-5416D030C010}"
EndProject
Project("{9A19103F-16F7-4668-BE54-9A1E7A4F7556}") = "FluentCryptography.Digest", "FluentCryptography.Digest\FluentCryptography.Digest.csproj", "{03E5E288-4FAF-4E17-AC85-78A453462548}"
EndProject
Project("{9A19103F-16F7-4668-BE54-9A1E7A4F7556}") = "FluentCryptography.SASL", "FluentCryptography.SASL\FluentCryptography.SASL.csproj", "{044EE615-9C5C-4FCE-96EC-416166CDF9E1}"
EndProject
Project("{9A19103F-16F7-4668-BE54-9A1E7A4F7556}") = "FluentCryptography.SASL.SCRAM", "FluentCryptography.SASL.SCRAM\FluentCryptography.SASL.SCRAM.csproj", "{78932453-5911-4404-844A-A28A97B8153A}"
EndProject
Global
	GlobalSection(SolutionConfigurationPlatforms) = preSolution
		Debug|Any CPU = Debug|Any CPU
		Release|Any CPU = Release|Any CPU
	EndGlobalSection
	GlobalSection(ProjectConfigurationPlatforms) = postSolution
		{B43766FC-D5A7-47F5-9850-5416D030C010}.Debug|Any CPU.ActiveCfg = Debug|Any CPU
		{B43766FC-D5A7-47F5-9850-5416D030C010}.Debug|Any CPU.Build.0 = Debug|Any CPU
		{B43766FC-D5A7-47F5-9850-5416D030C010}.Release|Any CPU.ActiveCfg = Release|Any CPU
		{B43766FC-D5A7-47F5-9850-5416D030C010}.Release|Any CPU.Build.0 = Release|Any CPU
		{03E5E288-4FAF-4E17-AC85-78A453462548}.Debug|Any CPU.ActiveCfg = Debug|Any CPU
		{03E5E288-4FAF-4E17-AC85-78A453462548}.Debug|Any CPU.Build.0 = Debug|Any CPU
		{03E5E288-4FAF-4E17-AC85-78A453462548}.Release|Any CPU.ActiveCfg = Release|Any CPU
		{03E5E288-4FAF-4E17-AC85-78A453462548}.Release|Any CPU.Build.0 = Release|Any CPU
		{044EE615-9C5C-4FCE-96EC-416166CDF9E1}.Debug|Any CPU.ActiveCfg = Debug|Any CPU
		{044EE615-9C5C-4FCE-96EC-416166CDF9E1}.Debug|Any CPU.Build.0 = Debug|Any CPU
		{044EE615-9C5C-4FCE-96EC-416166CDF9E1}.Release|Any CPU.ActiveCfg = Release|Any CPU
		{044EE615-9C5C-4FCE-96EC-416166CDF9E1}.Release|Any CPU.Build.0 = Release|Any CPU
		{78932453-5911-4404-844A-A28A97B8153A}.Debug|Any CPU.ActiveCfg = Debug|Any CPU
		{78932453-5911-4404-844A-A28A97B8153A}.Debug|Any CPU.Build.0 = Debug|Any CPU
		{78932453-5911-4404-844A-A28A97B8153A}.Release|Any CPU.ActiveCfg = Release|Any CPU
		{78932453-5911-4404-844A-A28A97B8153A}.Release|Any CPU.Build.0 = Release|Any CPU
	EndGlobalSection
	GlobalSection(SolutionProperties) = preSolution
		HideSolutionNode = FALSE
	EndGlobalSection
	GlobalSection(ExtensibilityGlobals) = postSolution
		SolutionGuid = {81159D4C-ECFA-41A3-B94C-CD49141423C9}
	EndGlobalSection
EndGlobal
